
Microsoft Visual Studio Solution File, Format Version 12.00
# Visual Studio 15
VisualStudioVersion = 15.0.26730.15
MinimumVisualStudioVersion = 10.0.40219.1
Project("{FAE04EC0-301F-11D3-BF4B-00C04F79EFBC}") = "SamplePush.Android", "SamplePush\SamplePush.Android\SamplePush.Android.csproj", "{F6E217D9-AF77-456D-A113-F0F3C8349CA7}"
EndProject
Project("{FAE04EC0-301F-11D3-BF4B-00C04F79EFBC}") = "SamplePush", "SamplePush\SamplePush\SamplePush.csproj", "{5C593F7C-E7EF-49E4-B279-19659E87FE60}"
EndProject
Project("{FAE04EC0-301F-11D3-BF4B-00C04F79EFBC}") = "SamplePush.UWP", "SamplePush\SamplePush.UWP\SamplePush.UWP.csproj", "{9E9C4B7E-9214-46D0-BBBB-8C90CC291B42}"
EndProject
Project("{FAE04EC0-301F-11D3-BF4B-00C04F79EFBC}") = "SamplePush.iOS", "SamplePush\SamplePush.iOS\SamplePush.iOS.csproj", "{66A30BD8-FBDF-44DC-81D2-19D8ED4D575D}"
EndProject
Global
	GlobalSection(SolutionConfigurationPlatforms) = preSolution
		Ad-Hoc|Any CPU = Ad-Hoc|Any CPU
		Ad-Hoc|ARM = Ad-Hoc|ARM
		Ad-Hoc|iPhone = Ad-Hoc|iPhone
		Ad-Hoc|iPhoneSimulator = Ad-Hoc|iPhoneSimulator
		Ad-Hoc|x64 = Ad-Hoc|x64
		Ad-Hoc|x86 = Ad-Hoc|x86
		AppStore|Any CPU = AppStore|Any CPU
		AppStore|ARM = AppStore|ARM
		AppStore|iPhone = AppStore|iPhone
		AppStore|iPhoneSimulator = AppStore|iPhoneSimulator
		AppStore|x64 = AppStore|x64
		AppStore|x86 = AppStore|x86
		Debug|Any CPU = Debug|Any CPU
		Debug|ARM = Debug|ARM
		Debug|iPhone = Debug|iPhone
		Debug|iPhoneSimulator = Debug|iPhoneSimulator
		Debug|x64 = Debug|x64
		Debug|x86 = Debug|x86
		Release|Any CPU = Release|Any CPU
		Release|ARM = Release|ARM
		Release|iPhone = Release|iPhone
		Release|iPhoneSimulator = Release|iPhoneSimulator
		Release|x64 = Release|x64
		Release|x86 = Release|x86
	EndGlobalSection
	GlobalSection(ProjectConfigurationPlatforms) = postSolution
		{F6E217D9-AF77-456D-A113-F0F3C8349CA7}.Ad-Hoc|Any CPU.ActiveCfg = Release|Any CPU
		{F6E217D9-AF77-456D-A113-F0F3C8349CA7}.Ad-Hoc|Any CPU.Build.0 = Release|Any CPU
		{F6E217D9-AF77-456D-A113-F0F3C8349CA7}.Ad-Hoc|Any CPU.Deploy.0 = Release|Any CPU
		{F6E217D9-AF77-456D-A113-F0F3C8349CA7}.Ad-Hoc|ARM.ActiveCfg = Release|Any CPU
		{F6E217D9-AF77-456D-A113-F0F3C8349CA7}.Ad-Hoc|ARM.Build.0 = Release|Any CPU
		{F6E217D9-AF77-456D-A113-F0F3C8349CA7}.Ad-Hoc|ARM.Deploy.0 = Release|Any CPU
		{F6E217D9-AF77-456D-A113-F0F3C8349CA7}.Ad-Hoc|iPhone.ActiveCfg = Release|Any CPU
		{F6E217D9-AF77-456D-A113-F0F3C8349CA7}.Ad-Hoc|iPhone.Build.0 = Release|Any CPU
		{F6E217D9-AF77-456D-A113-F0F3C8349CA7}.Ad-Hoc|iPhone.Deploy.0 = Release|Any CPU
		{F6E217D9-AF77-456D-A113-F0F3C8349CA7}.Ad-Hoc|iPhoneSimulator.ActiveCfg = Release|Any CPU
		{F6E217D9-AF77-456D-A113-F0F3C8349CA7}.Ad-Hoc|iPhoneSimulator.Build.0 = Release|Any CPU
		{F6E217D9-AF77-456D-A113-F0F3C8349CA7}.Ad-Hoc|iPhoneSimulator.Deploy.0 = Release|Any CPU
		{F6E217D9-AF77-456D-A113-F0F3C8349CA7}.Ad-Hoc|x64.ActiveCfg = Release|Any CPU
		{F6E217D9-AF77-456D-A113-F0F3C8349CA7}.Ad-Hoc|x64.Build.0 = Release|Any CPU
		{F6E217D9-AF77-456D-A113-F0F3C8349CA7}.Ad-Hoc|x64.Deploy.0 = Release|Any CPU
		{F6E217D9-AF77-456D-A113-F0F3C8349CA7}.Ad-Hoc|x86.ActiveCfg = Release|Any CPU
		{F6E217D9-AF77-456D-A113-F0F3C8349CA7}.Ad-Hoc|x86.Build.0 = Release|Any CPU
		{F6E217D9-AF77-456D-A113-F0F3C8349CA7}.Ad-Hoc|x86.Deploy.0 = Release|Any CPU
		{F6E217D9-AF77-456D-A113-F0F3C8349CA7}.AppStore|Any CPU.ActiveCfg = Release|Any CPU
		{F6E217D9-AF77-456D-A113-F0F3C8349CA7}.AppStore|Any CPU.Build.0 = Release|Any CPU
		{F6E217D9-AF77-456D-A113-F0F3C8349CA7}.AppStore|Any CPU.Deploy.0 = Release|Any CPU
		{F6E217D9-AF77-456D-A113-F0F3C8349CA7}.AppStore|ARM.ActiveCfg = Release|Any CPU
		{F6E217D9-AF77-456D-A113-F0F3C8349CA7}.AppStore|ARM.Build.0 = Release|Any CPU
		{F6E217D9-AF77-456D-A113-F0F3C8349CA7}.AppStore|ARM.Deploy.0 = Release|Any CPU
		{F6E217D9-AF77-456D-A113-F0F3C8349CA7}.AppStore|iPhone.ActiveCfg = Release|Any CPU
		{F6E217D9-AF77-456D-A113-F0F3C8349CA7}.AppStore|iPhone.Build.0 = Release|Any CPU
		{F6E217D9-AF77-456D-A113-F0F3C8349CA7}.AppStore|iPhone.Deploy.0 = Release|Any CPU
		{F6E217D9-AF77-456D-A113-F0F3C8349CA7}.AppStore|iPhoneSimulator.ActiveCfg = Release|Any CPU
		{F6E217D9-AF77-456D-A113-F0F3C8349CA7}.AppStore|iPhoneSimulator.Build.0 = Release|Any CPU
		{F6E217D9-AF77-456D-A113-F0F3C8349CA7}.AppStore|iPhoneSimulator.Deploy.0 = Release|Any CPU
		{F6E217D9-AF77-456D-A113-F0F3C8349CA7}.AppStore|x64.ActiveCfg = Release|Any CPU
		{F6E217D9-AF77-456D-A113-F0F3C8349CA7}.AppStore|x64.Build.0 = Release|Any CPU
		{F6E217D9-AF77-456D-A113-F0F3C8349CA7}.AppStore|x64.Deploy.0 = Release|Any CPU
		{F6E217D9-AF77-456D-A113-F0F3C8349CA7}.AppStore|x86.ActiveCfg = Release|Any CPU
		{F6E217D9-AF77-456D-A113-F0F3C8349CA7}.AppStore|x86.Build.0 = Release|Any CPU
		{F6E217D9-AF77-456D-A113-F0F3C8349CA7}.AppStore|x86.Deploy.0 = Release|Any CPU
		{F6E217D9-AF77-456D-A113-F0F3C8349CA7}.Debug|Any CPU.ActiveCfg = Debug|Any CPU
		{F6E217D9-AF77-456D-A113-F0F3C8349CA7}.Debug|Any CPU.Build.0 = Debug|Any CPU
		{F6E217D9-AF77-456D-A113-F0F3C8349CA7}.Debug|Any CPU.Deploy.0 = Debug|Any CPU
		{F6E217D9-AF77-456D-A113-F0F3C8349CA7}.Debug|ARM.ActiveCfg = Debug|Any CPU
		{F6E217D9-AF77-456D-A113-F0F3C8349CA7}.Debug|ARM.Build.0 = Debug|Any CPU
		{F6E217D9-AF77-456D-A113-F0F3C8349CA7}.Debug|ARM.Deploy.0 = Debug|Any CPU
		{F6E217D9-AF77-456D-A113-F0F3C8349CA7}.Debug|iPhone.ActiveCfg = Debug|Any CPU
		{F6E217D9-AF77-456D-A113-F0F3C8349CA7}.Debug|iPhone.Build.0 = Debug|Any CPU
		{F6E217D9-AF77-456D-A113-F0F3C8349CA7}.Debug|iPhone.Deploy.0 = Debug|Any CPU
		{F6E217D9-AF77-456D-A113-F0F3C8349CA7}.Debug|iPhoneSimulator.ActiveCfg = Debug|Any CPU
		{F6E217D9-AF77-456D-A113-F0F3C8349CA7}.Debug|iPhoneSimulator.Build.0 = Debug|Any CPU
		{F6E217D9-AF77-456D-A113-F0F3C8349CA7}.Debug|iPhoneSimulator.Deploy.0 = Debug|Any CPU
		{F6E217D9-AF77-456D-A113-F0F3C8349CA7}.Debug|x64.ActiveCfg = Debug|Any CPU
		{F6E217D9-AF77-456D-A113-F0F3C8349CA7}.Debug|x64.Build.0 = Debug|Any CPU
		{F6E217D9-AF77-456D-A113-F0F3C8349CA7}.Debug|x64.Deploy.0 = Debug|Any CPU
		{F6E217D9-AF77-456D-A113-F0F3C8349CA7}.Debug|x86.ActiveCfg = Debug|Any CPU
		{F6E217D9-AF77-456D-A113-F0F3C8349CA7}.Debug|x86.Build.0 = Debug|Any CPU
		{F6E217D9-AF77-456D-A113-F0F3C8349CA7}.Debug|x86.Deploy.0 = Debug|Any CPU
		{F6E217D9-AF77-456D-A113-F0F3C8349CA7}.Release|Any CPU.ActiveCfg = Release|Any CPU
		{F6E217D9-AF77-456D-A113-F0F3C8349CA7}.Release|Any CPU.Build.0 = Release|Any CPU
		{F6E217D9-AF77-456D-A113-F0F3C8349CA7}.Release|Any CPU.Deploy.0 = Release|Any CPU
		{F6E217D9-AF77-456D-A113-F0F3C8349CA7}.Release|ARM.ActiveCfg = Release|Any CPU
		{F6E217D9-AF77-456D-A113-F0F3C8349CA7}.Release|ARM.Build.0 = Release|Any CPU
		{F6E217D9-AF77-456D-A113-F0F3C8349CA7}.Release|ARM.Deploy.0 = Release|Any CPU
		{F6E217D9-AF77-456D-A113-F0F3C8349CA7}.Release|iPhone.ActiveCfg = Release|Any CPU
		{F6E217D9-AF77-456D-A113-F0F3C8349CA7}.Release|iPhone.Build.0 = Release|Any CPU
		{F6E217D9-AF77-456D-A113-F0F3C8349CA7}.Release|iPhone.Deploy.0 = Release|Any CPU
		{F6E217D9-AF77-456D-A113-F0F3C8349CA7}.Release|iPhoneSimulator.ActiveCfg = Release|Any CPU
		{F6E217D9-AF77-456D-A113-F0F3C8349CA7}.Release|iPhoneSimulator.Build.0 = Release|Any CPU
		{F6E217D9-AF77-456D-A113-F0F3C8349CA7}.Release|iPhoneSimulator.Deploy.0 = Release|Any CPU
		{F6E217D9-AF77-456D-A113-F0F3C8349CA7}.Release|x64.ActiveCfg = Release|Any CPU
		{F6E217D9-AF77-456D-A113-F0F3C8349CA7}.Release|x64.Build.0 = Release|Any CPU
		{F6E217D9-AF77-456D-A113-F0F3C8349CA7}.Release|x64.Deploy.0 = Release|Any CPU
		{F6E217D9-AF77-456D-A113-F0F3C8349CA7}.Release|x86.ActiveCfg = Release|Any CPU
		{F6E217D9-AF77-456D-A113-F0F3C8349CA7}.Release|x86.Build.0 = Release|Any CPU
		{F6E217D9-AF77-456D-A113-F0F3C8349CA7}.Release|x86.Deploy.0 = Release|Any CPU
		{5C593F7C-E7EF-49E4-B279-19659E87FE60}.Ad-Hoc|Any CPU.ActiveCfg = Release|Any CPU
		{5C593F7C-E7EF-49E4-B279-19659E87FE60}.Ad-Hoc|Any CPU.Build.0 = Release|Any CPU
		{5C593F7C-E7EF-49E4-B279-19659E87FE60}.Ad-Hoc|ARM.ActiveCfg = Release|Any CPU
		{5C593F7C-E7EF-49E4-B279-19659E87FE60}.Ad-Hoc|ARM.Build.0 = Release|Any CPU
		{5C593F7C-E7EF-49E4-B279-19659E87FE60}.Ad-Hoc|iPhone.ActiveCfg = Release|Any CPU
		{5C593F7C-E7EF-49E4-B279-19659E87FE60}.Ad-Hoc|iPhone.Build.0 = Release|Any CPU
		{5C593F7C-E7EF-49E4-B279-19659E87FE60}.Ad-Hoc|iPhoneSimulator.ActiveCfg = Release|Any CPU
		{5C593F7C-E7EF-49E4-B279-19659E87FE60}.Ad-Hoc|iPhoneSimulator.Build.0 = Release|Any CPU
		{5C593F7C-E7EF-49E4-B279-19659E87FE60}.Ad-Hoc|x64.ActiveCfg = Release|Any CPU
		{5C593F7C-E7EF-49E4-B279-19659E87FE60}.Ad-Hoc|x64.Build.0 = Release|Any CPU
		{5C593F7C-E7EF-49E4-B279-19659E87FE60}.Ad-Hoc|x86.ActiveCfg = Release|Any CPU
		{5C593F7C-E7EF-49E4-B279-19659E87FE60}.Ad-Hoc|x86.Build.0 = Release|Any CPU
		{5C593F7C-E7EF-49E4-B279-19659E87FE60}.AppStore|Any CPU.ActiveCfg = Release|Any CPU
		{5C593F7C-E7EF-49E4-B279-19659E87FE60}.AppStore|Any CPU.Build.0 = Release|Any CPU
		{5C593F7C-E7EF-49E4-B279-19659E87FE60}.AppStore|ARM.ActiveCfg = Release|Any CPU
		{5C593F7C-E7EF-49E4-B279-19659E87FE60}.AppStore|ARM.Build.0 = Release|Any CPU
		{5C593F7C-E7EF-49E4-B279-19659E87FE60}.AppStore|iPhone.ActiveCfg = Release|Any CPU
		{5C593F7C-E7EF-49E4-B279-19659E87FE60}.AppStore|iPhone.Build.0 = Release|Any CPU
		{5C593F7C-E7EF-49E4-B279-19659E87FE60}.AppStore|iPhoneSimulator.ActiveCfg = Release|Any CPU
		{5C593F7C-E7EF-49E4-B279-19659E87FE60}.AppStore|iPhoneSimulator.Build.0 = Release|Any CPU
		{5C593F7C-E7EF-49E4-B279-19659E87FE60}.AppStore|x64.ActiveCfg = Release|Any CPU
		{5C593F7C-E7EF-49E4-B279-19659E87FE60}.AppStore|x64.Build.0 = Release|Any CPU
		{5C593F7C-E7EF-49E4-B279-19659E87FE60}.AppStore|x86.ActiveCfg = Release|Any CPU
		{5C593F7C-E7EF-49E4-B279-19659E87FE60}.AppStore|x86.Build.0 = Release|Any CPU
		{5C593F7C-E7EF-49E4-B279-19659E87FE60}.Debug|Any CPU.ActiveCfg = Debug|Any CPU
		{5C593F7C-E7EF-49E4-B279-19659E87FE60}.Debug|Any CPU.Build.0 = Debug|Any CPU
		{5C593F7C-E7EF-49E4-B279-19659E87FE60}.Debug|ARM.ActiveCfg = Debug|Any CPU
		{5C593F7C-E7EF-49E4-B279-19659E87FE60}.Debug|ARM.Build.0 = Debug|Any CPU
		{5C593F7C-E7EF-49E4-B279-19659E87FE60}.Debug|iPhone.ActiveCfg = Debug|Any CPU
		{5C593F7C-E7EF-49E4-B279-19659E87FE60}.Debug|iPhone.Build.0 = Debug|Any CPU
		{5C593F7C-E7EF-49E4-B279-19659E87FE60}.Debug|iPhoneSimulator.ActiveCfg = Debug|Any CPU
		{5C593F7C-E7EF-49E4-B279-19659E87FE60}.Debug|iPhoneSimulator.Build.0 = Debug|Any CPU
		{5C593F7C-E7EF-49E4-B279-19659E87FE60}.Debug|x64.ActiveCfg = Debug|Any CPU
		{5C593F7C-E7EF-49E4-B279-19659E87FE60}.Debug|x64.Build.0 = Debug|Any CPU
		{5C593F7C-E7EF-49E4-B279-19659E87FE60}.Debug|x86.ActiveCfg = Debug|Any CPU
		{5C593F7C-E7EF-49E4-B279-19659E87FE60}.Debug|x86.Build.0 = Debug|Any CPU
		{5C593F7C-E7EF-49E4-B279-19659E87FE60}.Release|Any CPU.ActiveCfg = Release|Any CPU
		{5C593F7C-E7EF-49E4-B279-19659E87FE60}.Release|Any CPU.Build.0 = Release|Any CPU
		{5C593F7C-E7EF-49E4-B279-19659E87FE60}.Release|ARM.ActiveCfg = Release|Any CPU
		{5C593F7C-E7EF-49E4-B279-19659E87FE60}.Release|ARM.Build.0 = Release|Any CPU
		{5C593F7C-E7EF-49E4-B279-19659E87FE60}.Release|iPhone.ActiveCfg = Release|Any CPU
		{5C593F7C-E7EF-49E4-B279-19659E87FE60}.Release|iPhone.Build.0 = Release|Any CPU
		{5C593F7C-E7EF-49E4-B279-19659E87FE60}.Release|iPhoneSimulator.ActiveCfg = Release|Any CPU
		{5C593F7C-E7EF-49E4-B279-19659E87FE60}.Release|iPhoneSimulator.Build.0 = Release|Any CPU
		{5C593F7C-E7EF-49E4-B279-19659E87FE60}.Release|x64.ActiveCfg = Release|Any CPU
		{5C593F7C-E7EF-49E4-B279-19659E87FE60}.Release|x64.Build.0 = Release|Any CPU
		{5C593F7C-E7EF-49E4-B279-19659E87FE60}.Release|x86.ActiveCfg = Release|Any CPU
		{5C593F7C-E7EF-49E4-B279-19659E87FE60}.Release|x86.Build.0 = Release|Any CPU
		{9E9C4B7E-9214-46D0-BBBB-8C90CC291B42}.Ad-Hoc|Any CPU.ActiveCfg = Release|x86
		{9E9C4B7E-9214-46D0-BBBB-8C90CC291B42}.Ad-Hoc|Any CPU.Build.0 = Release|x86
		{9E9C4B7E-9214-46D0-BBBB-8C90CC291B42}.Ad-Hoc|Any CPU.Deploy.0 = Release|x86
		{9E9C4B7E-9214-46D0-BBBB-8C90CC291B42}.Ad-Hoc|ARM.ActiveCfg = Release|ARM
		{9E9C4B7E-9214-46D0-BBBB-8C90CC291B42}.Ad-Hoc|ARM.Build.0 = Release|ARM
		{9E9C4B7E-9214-46D0-BBBB-8C90CC291B42}.Ad-Hoc|ARM.Deploy.0 = Release|ARM
		{9E9C4B7E-9214-46D0-BBBB-8C90CC291B42}.Ad-Hoc|iPhone.ActiveCfg = Release|x86
		{9E9C4B7E-9214-46D0-BBBB-8C90CC291B42}.Ad-Hoc|iPhone.Build.0 = Release|x86
		{9E9C4B7E-9214-46D0-BBBB-8C90CC291B42}.Ad-Hoc|iPhone.Deploy.0 = Release|x86
		{9E9C4B7E-9214-46D0-BBBB-8C90CC291B42}.Ad-Hoc|iPhoneSimulator.ActiveCfg = Release|x86
		{9E9C4B7E-9214-46D0-BBBB-8C90CC291B42}.Ad-Hoc|iPhoneSimulator.Build.0 = Release|x86
		{9E9C4B7E-9214-46D0-BBBB-8C90CC291B42}.Ad-Hoc|iPhoneSimulator.Deploy.0 = Release|x86
		{9E9C4B7E-9214-46D0-BBBB-8C90CC291B42}.Ad-Hoc|x64.ActiveCfg = Release|x64
		{9E9C4B7E-9214-46D0-BBBB-8C90CC291B42}.Ad-Hoc|x64.Build.0 = Release|x64
		{9E9C4B7E-9214-46D0-BBBB-8C90CC291B42}.Ad-Hoc|x64.Deploy.0 = Release|x64
		{9E9C4B7E-9214-46D0-BBBB-8C90CC291B42}.Ad-Hoc|x86.ActiveCfg = Release|x86
		{9E9C4B7E-9214-46D0-BBBB-8C90CC291B42}.Ad-Hoc|x86.Build.0 = Release|x86
		{9E9C4B7E-9214-46D0-BBBB-8C90CC291B42}.Ad-Hoc|x86.Deploy.0 = Release|x86
		{9E9C4B7E-9214-46D0-BBBB-8C90CC291B42}.AppStore|Any CPU.ActiveCfg = Release|x86
		{9E9C4B7E-9214-46D0-BBBB-8C90CC291B42}.AppStore|Any CPU.Build.0 = Release|x86
		{9E9C4B7E-9214-46D0-BBBB-8C90CC291B42}.AppStore|Any CPU.Deploy.0 = Release|x86
		{9E9C4B7E-9214-46D0-BBBB-8C90CC291B42}.AppStore|ARM.ActiveCfg = Release|ARM
		{9E9C4B7E-9214-46D0-BBBB-8C90CC291B42}.AppStore|ARM.Build.0 = Release|ARM
		{9E9C4B7E-9214-46D0-BBBB-8C90CC291B42}.AppStore|ARM.Deploy.0 = Release|ARM
		{9E9C4B7E-9214-46D0-BBBB-8C90CC291B42}.AppStore|iPhone.ActiveCfg = Release|x86
		{9E9C4B7E-9214-46D0-BBBB-8C90CC291B42}.AppStore|iPhone.Build.0 = Release|x86
		{9E9C4B7E-9214-46D0-BBBB-8C90CC291B42}.AppStore|iPhone.Deploy.0 = Release|x86
		{9E9C4B7E-9214-46D0-BBBB-8C90CC291B42}.AppStore|iPhoneSimulator.ActiveCfg = Release|x86
		{9E9C4B7E-9214-46D0-BBBB-8C90CC291B42}.AppStore|iPhoneSimulator.Build.0 = Release|x86
		{9E9C4B7E-9214-46D0-BBBB-8C90CC291B42}.AppStore|iPhoneSimulator.Deploy.0 = Release|x86
		{9E9C4B7E-9214-46D0-BBBB-8C90CC291B42}.AppStore|x64.ActiveCfg = Release|x64
		{9E9C4B7E-9214-46D0-BBBB-8C90CC291B42}.AppStore|x64.Build.0 = Release|x64
		{9E9C4B7E-9214-46D0-BBBB-8C90CC291B42}.AppStore|x64.Deploy.0 = Release|x64
		{9E9C4B7E-9214-46D0-BBBB-8C90CC291B42}.AppStore|x86.ActiveCfg = Release|x86
		{9E9C4B7E-9214-46D0-BBBB-8C90CC291B42}.AppStore|x86.Build.0 = Release|x86
		{9E9C4B7E-9214-46D0-BBBB-8C90CC291B42}.AppStore|x86.Deploy.0 = Release|x86
		{9E9C4B7E-9214-46D0-BBBB-8C90CC291B42}.Debug|Any CPU.ActiveCfg = Debug|x86
		{9E9C4B7E-9214-46D0-BBBB-8C90CC291B42}.Debug|ARM.ActiveCfg = Debug|ARM
		{9E9C4B7E-9214-46D0-BBBB-8C90CC291B42}.Debug|ARM.Build.0 = Debug|ARM
		{9E9C4B7E-9214-46D0-BBBB-8C90CC291B42}.Debug|ARM.Deploy.0 = Debug|ARM
		{9E9C4B7E-9214-46D0-BBBB-8C90CC291B42}.Debug|iPhone.ActiveCfg = Debug|x86
		{9E9C4B7E-9214-46D0-BBBB-8C90CC291B42}.Debug|iPhoneSimulator.ActiveCfg = Debug|x86
		{9E9C4B7E-9214-46D0-BBBB-8C90CC291B42}.Debug|x64.ActiveCfg = Debug|x64
		{9E9C4B7E-9214-46D0-BBBB-8C90CC291B42}.Debug|x64.Build.0 = Debug|x64
		{9E9C4B7E-9214-46D0-BBBB-8C90CC291B42}.Debug|x64.Deploy.0 = Debug|x64
		{9E9C4B7E-9214-46D0-BBBB-8C90CC291B42}.Debug|x86.ActiveCfg = Debug|x86
		{9E9C4B7E-9214-46D0-BBBB-8C90CC291B42}.Debug|x86.Build.0 = Debug|x86
		{9E9C4B7E-9214-46D0-BBBB-8C90CC291B42}.Debug|x86.Deploy.0 = Debug|x86
		{9E9C4B7E-9214-46D0-BBBB-8C90CC291B42}.Release|Any CPU.ActiveCfg = Release|x86
		{9E9C4B7E-9214-46D0-BBBB-8C90CC291B42}.Release|ARM.ActiveCfg = Release|ARM
		{9E9C4B7E-9214-46D0-BBBB-8C90CC291B42}.Release|ARM.Build.0 = Release|ARM
		{9E9C4B7E-9214-46D0-BBBB-8C90CC291B42}.Release|ARM.Deploy.0 = Release|ARM
		{9E9C4B7E-9214-46D0-BBBB-8C90CC291B42}.Release|iPhone.ActiveCfg = Release|x86
		{9E9C4B7E-9214-46D0-BBBB-8C90CC291B42}.Release|iPhoneSimulator.ActiveCfg = Release|x86
		{9E9C4B7E-9214-46D0-BBBB-8C90CC291B42}.Release|x64.ActiveCfg = Release|x64
		{9E9C4B7E-9214-46D0-BBBB-8C90CC291B42}.Release|x64.Build.0 = Release|x64
		{9E9C4B7E-9214-46D0-BBBB-8C90CC291B42}.Release|x64.Deploy.0 = Release|x64
		{9E9C4B7E-9214-46D0-BBBB-8C90CC291B42}.Release|x86.ActiveCfg = Release|x86
		{9E9C4B7E-9214-46D0-BBBB-8C90CC291B42}.Release|x86.Build.0 = Release|x86
		{9E9C4B7E-9214-46D0-BBBB-8C90CC291B42}.Release|x86.Deploy.0 = Release|x86
		{66A30BD8-FBDF-44DC-81D2-19D8ED4D575D}.Ad-Hoc|Any CPU.ActiveCfg = Ad-Hoc|iPhone
		{66A30BD8-FBDF-44DC-81D2-19D8ED4D575D}.Ad-Hoc|ARM.ActiveCfg = Ad-Hoc|iPhone
		{66A30BD8-FBDF-44DC-81D2-19D8ED4D575D}.Ad-Hoc|iPhone.ActiveCfg = Ad-Hoc|iPhone
		{66A30BD8-FBDF-44DC-81D2-19D8ED4D575D}.Ad-Hoc|iPhone.Build.0 = Ad-Hoc|iPhone
		{66A30BD8-FBDF-44DC-81D2-19D8ED4D575D}.Ad-Hoc|iPhoneSimulator.ActiveCfg = Ad-Hoc|iPhoneSimulator
		{66A30BD8-FBDF-44DC-81D2-19D8ED4D575D}.Ad-Hoc|iPhoneSimulator.Build.0 = Ad-Hoc|iPhoneSimulator
		{66A30BD8-FBDF-44DC-81D2-19D8ED4D575D}.Ad-Hoc|x64.ActiveCfg = Ad-Hoc|iPhone
		{66A30BD8-FBDF-44DC-81D2-19D8ED4D575D}.Ad-Hoc|x86.ActiveCfg = Ad-Hoc|iPhone
		{66A30BD8-FBDF-44DC-81D2-19D8ED4D575D}.AppStore|Any CPU.ActiveCfg = AppStore|iPhone
		{66A30BD8-FBDF-44DC-81D2-19D8ED4D575D}.AppStore|ARM.ActiveCfg = AppStore|iPhone
		{66A30BD8-FBDF-44DC-81D2-19D8ED4D575D}.AppStore|iPhone.ActiveCfg = AppStore|iPhone
		{66A30BD8-FBDF-44DC-81D2-19D8ED4D575D}.AppStore|iPhone.Build.0 = AppStore|iPhone
		{66A30BD8-FBDF-44DC-81D2-19D8ED4D575D}.AppStore|iPhoneSimulator.ActiveCfg = AppStore|iPhoneSimulator
		{66A30BD8-FBDF-44DC-81D2-19D8ED4D575D}.AppStore|iPhoneSimulator.Build.0 = AppStore|iPhoneSimulator
		{66A30BD8-FBDF-44DC-81D2-19D8ED4D575D}.AppStore|x64.ActiveCfg = AppStore|iPhone
		{66A30BD8-FBDF-44DC-81D2-19D8ED4D575D}.AppStore|x86.ActiveCfg = AppStore|iPhone
		{66A30BD8-FBDF-44DC-81D2-19D8ED4D575D}.Debug|Any CPU.ActiveCfg = Debug|iPhone
		{66A30BD8-FBDF-44DC-81D2-19D8ED4D575D}.Debug|ARM.ActiveCfg = Debug|iPhone
		{66A30BD8-FBDF-44DC-81D2-19D8ED4D575D}.Debug|iPhone.ActiveCfg = Debug|iPhone
		{66A30BD8-FBDF-44DC-81D2-19D8ED4D575D}.Debug|iPhone.Build.0 = Debug|iPhone
		{66A30BD8-FBDF-44DC-81D2-19D8ED4D575D}.Debug|iPhoneSimulator.ActiveCfg = Debug|iPhoneSimulator
		{66A30BD8-FBDF-44DC-81D2-19D8ED4D575D}.Debug|iPhoneSimulator.Build.0 = Debug|iPhoneSimulator
		{66A30BD8-FBDF-44DC-81D2-19D8ED4D575D}.Debug|x64.ActiveCfg = Debug|iPhone
		{66A30BD8-FBDF-44DC-81D2-19D8ED4D575D}.Debug|x86.ActiveCfg = Debug|iPhone
		{66A30BD8-FBDF-44DC-81D2-19D8ED4D575D}.Release|Any CPU.ActiveCfg = Release|iPhone
		{66A30BD8-FBDF-44DC-81D2-19D8ED4D575D}.Release|ARM.ActiveCfg = Release|iPhone
		{66A30BD8-FBDF-44DC-81D2-19D8ED4D575D}.Release|iPhone.ActiveCfg = Release|iPhone
		{66A30BD8-FBDF-44DC-81D2-19D8ED4D575D}.Release|iPhone.Build.0 = Release|iPhone
		{66A30BD8-FBDF-44DC-81D2-19D8ED4D575D}.Release|iPhoneSimulator.ActiveCfg = Release|iPhoneSimulator
		{66A30BD8-FBDF-44DC-81D2-19D8ED4D575D}.Release|iPhoneSimulator.Build.0 = Release|iPhoneSimulator
		{66A30BD8-FBDF-44DC-81D2-19D8ED4D575D}.Release|x64.ActiveCfg = Release|iPhone
		{66A30BD8-FBDF-44DC-81D2-19D8ED4D575D}.Release|x86.ActiveCfg = Release|iPhone
	EndGlobalSection
	GlobalSection(SolutionProperties) = preSolution
		HideSolutionNode = FALSE
	EndGlobalSection
	GlobalSection(ExtensibilityGlobals) = postSolution
		SolutionGuid = {297271C3-12E2-4CF3-BD97-DD89C743B763}
	EndGlobalSection
EndGlobal
